
Microsoft Visual Studio Solution File, Format Version 12.00
# Visual Studio Version 17
VisualStudioVersion = 17.7.34031.279
MinimumVisualStudioVersion = 10.0.40219.1
Project("{9A19103F-16F7-4668-BE54-9A1E7A4F7556}") = "StaffManagement", "StaffManagement\StaffManagement.csproj", "{D0462615-3AA9-4CAB-93D9-0597B4A9F783}"
EndProject
Project("{9A19103F-16F7-4668-BE54-9A1E7A4F7556}") = "API", "API\API.csproj", "{31C4416A-508B-49F9-9E38-7482148D5F61}"
EndProject
Project("{9A19103F-16F7-4668-BE54-9A1E7A4F7556}") = "DataModels", "DataModels\DataModels.csproj", "{9E05E99E-B662-45EA-ADBD-578F72420F8C}"
EndProject
Project("{FAE04EC0-301F-11D3-BF4B-00C04F79EFBC}") = "TestProject2", "TestProject2\TestProject2.csproj", "{CA34715C-6A7B-442D-A368-1F18BEE99100}"
EndProject
Global
	GlobalSection(SolutionConfigurationPlatforms) = preSolution
		Debug|Any CPU = Debug|Any CPU
		Release|Any CPU = Release|Any CPU
	EndGlobalSection
	GlobalSection(ProjectConfigurationPlatforms) = postSolution
		{D0462615-3AA9-4CAB-93D9-0597B4A9F783}.Debug|Any CPU.ActiveCfg = Debug|Any CPU
		{D0462615-3AA9-4CAB-93D9-0597B4A9F783}.Debug|Any CPU.Build.0 = Debug|Any CPU
		{D0462615-3AA9-4CAB-93D9-0597B4A9F783}.Release|Any CPU.ActiveCfg = Release|Any CPU
		{D0462615-3AA9-4CAB-93D9-0597B4A9F783}.Release|Any CPU.Build.0 = Release|Any CPU
		{31C4416A-508B-49F9-9E38-7482148D5F61}.Debug|Any CPU.ActiveCfg = Debug|Any CPU
		{31C4416A-508B-49F9-9E38-7482148D5F61}.Debug|Any CPU.Build.0 = Debug|Any CPU
		{31C4416A-508B-49F9-9E38-7482148D5F61}.Release|Any CPU.ActiveCfg = Release|Any CPU
		{31C4416A-508B-49F9-9E38-7482148D5F61}.Release|Any CPU.Build.0 = Release|Any CPU
		{9E05E99E-B662-45EA-ADBD-578F72420F8C}.Debug|Any CPU.ActiveCfg = Debug|Any CPU
		{9E05E99E-B662-45EA-ADBD-578F72420F8C}.Debug|Any CPU.Build.0 = Debug|Any CPU
		{9E05E99E-B662-45EA-ADBD-578F72420F8C}.Release|Any CPU.ActiveCfg = Release|Any CPU
		{9E05E99E-B662-45EA-ADBD-578F72420F8C}.Release|Any CPU.Build.0 = Release|Any CPU
		{CA34715C-6A7B-442D-A368-1F18BEE99100}.Debug|Any CPU.ActiveCfg = Debug|Any CPU
		{CA34715C-6A7B-442D-A368-1F18BEE99100}.Debug|Any CPU.Build.0 = Debug|Any CPU
		{CA34715C-6A7B-442D-A368-1F18BEE99100}.Release|Any CPU.ActiveCfg = Release|Any CPU
		{CA34715C-6A7B-442D-A368-1F18BEE99100}.Release|Any CPU.Build.0 = Release|Any CPU
	EndGlobalSection
	GlobalSection(SolutionProperties) = preSolution
		HideSolutionNode = FALSE
	EndGlobalSection
	GlobalSection(ExtensibilityGlobals) = postSolution
		SolutionGuid = {D469635A-8137-4705-80EC-7FC799C94ABF}
	EndGlobalSection
EndGlobal
